{
  "nodes": {
    "nixpkgs": {
      "locked": {
        "lastModified": 1701282334,
        "narHash": "sha256-MxCVrXY6v4QmfTwIysjjaX0XUhqBbxTWWB4HXtDYsdk=",
        "owner": "nixos",
        "repo": "nixpkgs",
        "rev": "057f9aecfb71c4437d2b27d3323df7f93c010b7e",
        "type": "github"
      },
      "original": {
        "owner": "nixos",
        "ref": "23.11",
        "repo": "nixpkgs",
        "type": "github"
      }
    },
    "nixpkgs_2": {
      "locked": {
        "lastModified": 1711106783,
        "narHash": "sha256-PDwAcHahc6hEimyrgGmFdft75gmLrJOZ0txX7lFqq+I=",
        "owner": "NixOS",
        "repo": "nixpkgs",
        "rev": "a3ed7406349a9335cb4c2a71369b697cecd9d351",
        "type": "github"
      },
      "original": {
        "id": "nixpkgs",
        "type": "indirect"
      }
    },
    "nvc": {
      "inputs": {
        "nixpkgs": "nixpkgs_2"
      },
      "locked": {
        "lastModified": 1,
        "narHash": "sha256-pvZbtbho4clZWA8FMLPmFxhKl2bXYEHXfDdEcZcCwdU=",
        "path": "./packages/nvc",
        "type": "path"
      },
      "original": {
        "path": "./packages/nvc",
        "type": "path"
      }
    },
    "root": {
      "inputs": {
        "nixpkgs": "nixpkgs",
        "nvc": "nvc"
      }
    }
  },
  "root": "root",
  "version": 7
}
